uuid: f8033762-198c-4e3b-a976-34ebcce9f7f7
langcode: en
status: true
dependencies:
  module:
    - galicloud_blocks
  theme:
    - olivero
id: nodevotingblock
theme: olivero
region: sidebar
weight: 0
provider: null
plugin: galicloud_blocks_nodevotingblock
settings:
  id: galicloud_blocks_nodevotingblock
  label: NodeVotingBlock
  label_display: visible
  provider: galicloud_blocks
visibility: {  }
