uuid: 04f85abf-3cef-4d07-a7da-b31a90223c11
langcode: en
status: true
dependencies:
  module:
    - galicloud_blocks
  theme:
    - galicloud_olivero
id: galicloud_olivero_highlightedcontentblock
theme: galicloud_olivero
region: sidebar_first
weight: 0
provider: null
plugin: galicloud_blocks_highlightedcontentblock
settings:
  id: galicloud_blocks_highlightedcontentblock
  label: HighlightedContentBlock
  label_display: visible
  provider: galicloud_blocks
  block_message: 'List of highlighted nodes'
  node_number: '5'
visibility: {  }
